PODS:
  - Kingfisher (3.6.2)
  - ShelfView (1.0):
    - Kingfisher (~> 3.0)

DEPENDENCIES:
  - ShelfView (from `../`)

EXTERNAL SOURCES:
  ShelfView:
    :path: ../

SPEC CHECKSUMS:
  Kingfisher: 2c94e72c6830622c71d06adf4ea024c37d316830
  ShelfView: 7ec8cdc423a79d0a3e87f9035021e8d8bb727af1

PODFILE CHECKSUM: ad12021367c41c81b269af9c271c64edc2fa1c47

COCOAPODS: 1.2.1
