PODS:
  - Kingfisher (5.0.1)
  - ShelfView (1.1):
    - Kingfisher (~> 5.0)

DEPENDENCIES:
  - ShelfView (from `../`)

SPEC REPOS:
  https://github.com/cocoapods/specs.git:
    - Kingfisher

EXTERNAL SOURCES:
  ShelfView:
    :path: "../"

SPEC CHECKSUMS:
  Kingfisher: 4f771421b9208185217550528a06fd48756cb7c2
  ShelfView: 9ca6d37cf8d92b39b2e7d44c3f798aebd00da1ba

PODFILE CHECKSUM: bcca6e02436573d29fd62d0bb8934cf4a1245178

COCOAPODS: 1.5.3
